
Microsoft Visual Studio Solution File, Format Version 12.00
# Visual Studio Version 17
VisualStudioVersion = 17.11.35208.52
MinimumVisualStudioVersion = 10.0.40219.1
Project("{9A19103F-16F7-4668-BE54-9A1E7A4F7556}") = "FIAP", "FIAP\FIAP.csproj", "{AF41EFF4-6CA1-44EF-8798-97F1F6A100B5}"
EndProject
Project("{FAE04EC0-301F-11D3-BF4B-00C04F79EFBC}") = "Fiap.ApiTest", "Fiap.ApiTest\Fiap.ApiTest.csproj", "{A9B6B0E1-26FD-43C2-B9A8-E17E1D2E279F}"
EndProject
Global
	GlobalSection(SolutionConfigurationPlatforms) = preSolution
		Debug|Any CPU = Debug|Any CPU
		Release|Any CPU = Release|Any CPU
	EndGlobalSection
	GlobalSection(ProjectConfigurationPlatforms) = postSolution
		{AF41EFF4-6CA1-44EF-8798-97F1F6A100B5}.Debug|Any CPU.ActiveCfg = Debug|Any CPU
		{AF41EFF4-6CA1-44EF-8798-97F1F6A100B5}.Debug|Any CPU.Build.0 = Debug|Any CPU
		{AF41EFF4-6CA1-44EF-8798-97F1F6A100B5}.Release|Any CPU.ActiveCfg = Release|Any CPU
		{AF41EFF4-6CA1-44EF-8798-97F1F6A100B5}.Release|Any CPU.Build.0 = Release|Any CPU
		{A9B6B0E1-26FD-43C2-B9A8-E17E1D2E279F}.Debug|Any CPU.ActiveCfg = Debug|Any CPU
		{A9B6B0E1-26FD-43C2-B9A8-E17E1D2E279F}.Debug|Any CPU.Build.0 = Debug|Any CPU
		{A9B6B0E1-26FD-43C2-B9A8-E17E1D2E279F}.Release|Any CPU.ActiveCfg = Release|Any CPU
		{A9B6B0E1-26FD-43C2-B9A8-E17E1D2E279F}.Release|Any CPU.Build.0 = Release|Any CPU
	EndGlobalSection
	GlobalSection(SolutionProperties) = preSolution
		HideSolutionNode = FALSE
	EndGlobalSection
	GlobalSection(ExtensibilityGlobals) = postSolution
		SolutionGuid = {ACD7FDDB-1AEF-441E-8102-4815A95F6CE7}
	EndGlobalSection
EndGlobal
